
Microsoft Visual Studio Solution File, Format Version 12.00
# Visual Studio Version 16
VisualStudioVersion = 16.0.30517.126
MinimumVisualStudioVersion = 10.0.40219.1
Project("{FAE04EC0-301F-11D3-BF4B-00C04F79EFBC}") = "CarShop", "CarShop\CarShop.csproj", "{C2FD470B-8CF8-4B98-A938-436D3FA5D059}"
EndProject
Global
	GlobalSection(SolutionConfigurationPlatforms) = preSolution
		Debug|Any CPU = Debug|Any CPU
		Release|Any CPU = Release|Any CPU
	EndGlobalSection
	GlobalSection(ProjectConfigurationPlatforms) = postSolution
		{C2FD470B-8CF8-4B98-A938-436D3FA5D059}.Debug|Any CPU.ActiveCfg = Debug|Any CPU
		{C2FD470B-8CF8-4B98-A938-436D3FA5D059}.Debug|Any CPU.Build.0 = Debug|Any CPU
		{C2FD470B-8CF8-4B98-A938-436D3FA5D059}.Release|Any CPU.ActiveCfg = Release|Any CPU
		{C2FD470B-8CF8-4B98-A938-436D3FA5D059}.Release|Any CPU.Build.0 = Release|Any CPU
	EndGlobalSection
	GlobalSection(SolutionProperties) = preSolution
		HideSolutionNode = FALSE
	EndGlobalSection
	GlobalSection(ExtensibilityGlobals) = postSolution
		SolutionGuid = {EA26E517-9D18-48CE-BB47-10AD31629B11}
	EndGlobalSection
EndGlobal
