
Microsoft Visual Studio Solution File, Format Version 12.00
# Visual Studio Version 16
VisualStudioVersion = 16.0.30711.63
MinimumVisualStudioVersion = 10.0.40219.1
Project("{FAE04EC0-301F-11D3-BF4B-00C04F79EFBC}") = "ReflexionCSharp", "ReflexionCSharp\ReflexionCSharp.csproj", "{DA0613D6-9FD1-485B-8295-D76972D0D1A6}"
EndProject
Global
	GlobalSection(SolutionConfigurationPlatforms) = preSolution
		Debug|Any CPU = Debug|Any CPU
		Release|Any CPU = Release|Any CPU
	EndGlobalSection
	GlobalSection(ProjectConfigurationPlatforms) = postSolution
		{DA0613D6-9FD1-485B-8295-D76972D0D1A6}.Debug|Any CPU.ActiveCfg = Debug|Any CPU
		{DA0613D6-9FD1-485B-8295-D76972D0D1A6}.Debug|Any CPU.Build.0 = Debug|Any CPU
		{DA0613D6-9FD1-485B-8295-D76972D0D1A6}.Release|Any CPU.ActiveCfg = Release|Any CPU
		{DA0613D6-9FD1-485B-8295-D76972D0D1A6}.Release|Any CPU.Build.0 = Release|Any CPU
	EndGlobalSection
	GlobalSection(SolutionProperties) = preSolution
		HideSolutionNode = FALSE
	EndGlobalSection
	GlobalSection(ExtensibilityGlobals) = postSolution
		SolutionGuid = {4B018F41-2471-4737-AF17-04E91F090213}
	EndGlobalSection
EndGlobal
