
Microsoft Visual Studio Solution File, Format Version 12.00
# Visual Studio Version 16
VisualStudioVersion = 16.0.30523.141
MinimumVisualStudioVersion = 10.0.40219.1
Project("{00D1A9C2-B5F0-4AF3-8072-F6C62B433612}") = "dojoBDD03-11-2020", "dojoBDD03-11-2020\dojoBDD03-11-2020.sqlproj", "{B22DD6DE-0081-43F3-BBEC-AD742FB0B409}"
EndProject
Global
	GlobalSection(SolutionConfigurationPlatforms) = preSolution
		Debug|Any CPU = Debug|Any CPU
		Release|Any CPU = Release|Any CPU
	EndGlobalSection
	GlobalSection(ProjectConfigurationPlatforms) = postSolution
		{B22DD6DE-0081-43F3-BBEC-AD742FB0B409}.Debug|Any CPU.ActiveCfg = Debug|Any CPU
		{B22DD6DE-0081-43F3-BBEC-AD742FB0B409}.Debug|Any CPU.Build.0 = Debug|Any CPU
		{B22DD6DE-0081-43F3-BBEC-AD742FB0B409}.Debug|Any CPU.Deploy.0 = Debug|Any CPU
		{B22DD6DE-0081-43F3-BBEC-AD742FB0B409}.Release|Any CPU.ActiveCfg = Release|Any CPU
		{B22DD6DE-0081-43F3-BBEC-AD742FB0B409}.Release|Any CPU.Build.0 = Release|Any CPU
		{B22DD6DE-0081-43F3-BBEC-AD742FB0B409}.Release|Any CPU.Deploy.0 = Release|Any CPU
	EndGlobalSection
	GlobalSection(SolutionProperties) = preSolution
		HideSolutionNode = FALSE
	EndGlobalSection
	GlobalSection(ExtensibilityGlobals) = postSolution
		SolutionGuid = {62CB66A0-8530-4333-B4CE-924407A707B9}
	EndGlobalSection
EndGlobal
