
Microsoft Visual Studio Solution File, Format Version 12.00
# Visual Studio Version 16
VisualStudioVersion = 16.0.30517.126
MinimumVisualStudioVersion = 10.0.40219.1
Project("{FAE04EC0-301F-11D3-BF4B-00C04F79EFBC}") = "ConsoleApp23", "ConsoleApp23\ConsoleApp23.csproj", "{81FFF7DC-5382-4C98-961B-91DDEE72287C}"
EndProject
Project("{FAE04EC0-301F-11D3-BF4B-00C04F79EFBC}") = "NUnitTestProject1", "NUnitTestProject1\NUnitTestProject1.csproj", "{39D7B7F3-5223-4E39-9DD2-C5C14CE03BBA}"
EndProject
Global
	GlobalSection(SolutionConfigurationPlatforms) = preSolution
		Debug|Any CPU = Debug|Any CPU
		Release|Any CPU = Release|Any CPU
	EndGlobalSection
	GlobalSection(ProjectConfigurationPlatforms) = postSolution
		{81FFF7DC-5382-4C98-961B-91DDEE72287C}.Debug|Any CPU.ActiveCfg = Debug|Any CPU
		{81FFF7DC-5382-4C98-961B-91DDEE72287C}.Debug|Any CPU.Build.0 = Debug|Any CPU
		{81FFF7DC-5382-4C98-961B-91DDEE72287C}.Release|Any CPU.ActiveCfg = Release|Any CPU
		{81FFF7DC-5382-4C98-961B-91DDEE72287C}.Release|Any CPU.Build.0 = Release|Any CPU
		{39D7B7F3-5223-4E39-9DD2-C5C14CE03BBA}.Debug|Any CPU.ActiveCfg = Debug|Any CPU
		{39D7B7F3-5223-4E39-9DD2-C5C14CE03BBA}.Debug|Any CPU.Build.0 = Debug|Any CPU
		{39D7B7F3-5223-4E39-9DD2-C5C14CE03BBA}.Release|Any CPU.ActiveCfg = Release|Any CPU
		{39D7B7F3-5223-4E39-9DD2-C5C14CE03BBA}.Release|Any CPU.Build.0 = Release|Any CPU
	EndGlobalSection
	GlobalSection(SolutionProperties) = preSolution
		HideSolutionNode = FALSE
	EndGlobalSection
	GlobalSection(ExtensibilityGlobals) = postSolution
		SolutionGuid = {99BCE8FD-8EFA-4B5F-9669-FFA9B18C3FE3}
	EndGlobalSection
EndGlobal
