
Microsoft Visual Studio Solution File, Format Version 12.00
# Visual Studio Version 16
VisualStudioVersion = 16.0.30523.141
MinimumVisualStudioVersion = 10.0.40219.1
Project("{FAE04EC0-301F-11D3-BF4B-00C04F79EFBC}") = "jsonQuest", "jsonQuest\jsonQuest.csproj", "{D7DBA3CA-A9DF-4E26-BA24-FD2FAC6658FC}"
EndProject
Global
	GlobalSection(SolutionConfigurationPlatforms) = preSolution
		Debug|Any CPU = Debug|Any CPU
		Release|Any CPU = Release|Any CPU
	EndGlobalSection
	GlobalSection(ProjectConfigurationPlatforms) = postSolution
		{D7DBA3CA-A9DF-4E26-BA24-FD2FAC6658FC}.Debug|Any CPU.ActiveCfg = Debug|Any CPU
		{D7DBA3CA-A9DF-4E26-BA24-FD2FAC6658FC}.Debug|Any CPU.Build.0 = Debug|Any CPU
		{D7DBA3CA-A9DF-4E26-BA24-FD2FAC6658FC}.Release|Any CPU.ActiveCfg = Release|Any CPU
		{D7DBA3CA-A9DF-4E26-BA24-FD2FAC6658FC}.Release|Any CPU.Build.0 = Release|Any CPU
	EndGlobalSection
	GlobalSection(SolutionProperties) = preSolution
		HideSolutionNode = FALSE
	EndGlobalSection
	GlobalSection(ExtensibilityGlobals) = postSolution
		SolutionGuid = {FBE7CD25-18A5-4BCE-BDEA-1284DDFAAB0A}
	EndGlobalSection
EndGlobal
