
Microsoft Visual Studio Solution File, Format Version 12.00
# Visual Studio Version 16
VisualStudioVersion = 16.0.30523.141
MinimumVisualStudioVersion = 10.0.40219.1
Project("{00D1A9C2-B5F0-4AF3-8072-F6C62B433612}") = "DatabaseTest", "DatabaseTest\DatabaseTest.sqlproj", "{07971517-A1E0-4B9F-AC01-026FEAE5B14C}"
EndProject
Global
	GlobalSection(SolutionConfigurationPlatforms) = preSolution
		Debug|Any CPU = Debug|Any CPU
		Release|Any CPU = Release|Any CPU
	EndGlobalSection
	GlobalSection(ProjectConfigurationPlatforms) = postSolution
		{07971517-A1E0-4B9F-AC01-026FEAE5B14C}.Debug|Any CPU.ActiveCfg = Debug|Any CPU
		{07971517-A1E0-4B9F-AC01-026FEAE5B14C}.Debug|Any CPU.Build.0 = Debug|Any CPU
		{07971517-A1E0-4B9F-AC01-026FEAE5B14C}.Debug|Any CPU.Deploy.0 = Debug|Any CPU
		{07971517-A1E0-4B9F-AC01-026FEAE5B14C}.Release|Any CPU.ActiveCfg = Release|Any CPU
		{07971517-A1E0-4B9F-AC01-026FEAE5B14C}.Release|Any CPU.Build.0 = Release|Any CPU
		{07971517-A1E0-4B9F-AC01-026FEAE5B14C}.Release|Any CPU.Deploy.0 = Release|Any CPU
	EndGlobalSection
	GlobalSection(SolutionProperties) = preSolution
		HideSolutionNode = FALSE
	EndGlobalSection
	GlobalSection(ExtensibilityGlobals) = postSolution
		SolutionGuid = {7FCFFD10-A248-4EE8-BBB1-4A7E8BB2E283}
	EndGlobalSection
EndGlobal
