
Microsoft Visual Studio Solution File, Format Version 12.00
# Visual Studio Version 16
VisualStudioVersion = 16.0.30517.126
MinimumVisualStudioVersion = 10.0.40219.1
Project("{FAE04EC0-301F-11D3-BF4B-00C04F79EFBC}") = "Csharp2-LesBoucles", "Csharp2-LesBoucles\Csharp2-LesBoucles.csproj", "{8ED9ECAE-462F-4782-94D0-D05D8316B474}"
EndProject
Global
	GlobalSection(SolutionConfigurationPlatforms) = preSolution
		Debug|Any CPU = Debug|Any CPU
		Release|Any CPU = Release|Any CPU
	EndGlobalSection
	GlobalSection(ProjectConfigurationPlatforms) = postSolution
		{8ED9ECAE-462F-4782-94D0-D05D8316B474}.Debug|Any CPU.ActiveCfg = Debug|Any CPU
		{8ED9ECAE-462F-4782-94D0-D05D8316B474}.Debug|Any CPU.Build.0 = Debug|Any CPU
		{8ED9ECAE-462F-4782-94D0-D05D8316B474}.Release|Any CPU.ActiveCfg = Release|Any CPU
		{8ED9ECAE-462F-4782-94D0-D05D8316B474}.Release|Any CPU.Build.0 = Release|Any CPU
	EndGlobalSection
	GlobalSection(SolutionProperties) = preSolution
		HideSolutionNode = FALSE
	EndGlobalSection
	GlobalSection(ExtensibilityGlobals) = postSolution
		SolutionGuid = {C7021A81-926A-4A25-A737-175FDFE4EC74}
	EndGlobalSection
EndGlobal
