
Microsoft Visual Studio Solution File, Format Version 12.00
# Visual Studio Version 16
VisualStudioVersion = 16.0.30523.141
MinimumVisualStudioVersion = 10.0.40219.1
Project("{FAE04EC0-301F-11D3-BF4B-00C04F79EFBC}") = "factorielleNombreEntier", "factorielleNombreEntier\factorielleNombreEntier.csproj", "{D8FD3A7C-3636-4C0D-BC48-F3EC6B4D4F48}"
EndProject
Global
	GlobalSection(SolutionConfigurationPlatforms) = preSolution
		Debug|Any CPU = Debug|Any CPU
		Release|Any CPU = Release|Any CPU
	EndGlobalSection
	GlobalSection(ProjectConfigurationPlatforms) = postSolution
		{D8FD3A7C-3636-4C0D-BC48-F3EC6B4D4F48}.Debug|Any CPU.ActiveCfg = Debug|Any CPU
		{D8FD3A7C-3636-4C0D-BC48-F3EC6B4D4F48}.Debug|Any CPU.Build.0 = Debug|Any CPU
		{D8FD3A7C-3636-4C0D-BC48-F3EC6B4D4F48}.Release|Any CPU.ActiveCfg = Release|Any CPU
		{D8FD3A7C-3636-4C0D-BC48-F3EC6B4D4F48}.Release|Any CPU.Build.0 = Release|Any CPU
	EndGlobalSection
	GlobalSection(SolutionProperties) = preSolution
		HideSolutionNode = FALSE
	EndGlobalSection
	GlobalSection(ExtensibilityGlobals) = postSolution
		SolutionGuid = {191D90FB-D9CC-467C-8A88-A0A19334DF79}
	EndGlobalSection
EndGlobal
